// !$*UTF8*$!
{
	archiveVersion = 1;
	classes = {
	};
	objectVersion = 55;
	objects = {

/* Begin PBXBuildFile section */
		B21A6AA029504A53006F283B /* AppDelegate.swift in Sources */ = {isa = PBXBuildFile; fileRef = B21A6A9F29504A53006F283B /* AppDelegate.swift */; };
		B21A6AA229504A53006F283B /* SceneDelegate.swift in Sources */ = {isa = PBXBuildFile; fileRef = B21A6AA129504A53006F283B /* SceneDelegate.swift */; };
		B21A6AA429504A53006F283B /* HomeViewController.swift in Sources */ = {isa = PBXBuildFile; fileRef = B21A6AA329504A53006F283B /* HomeViewController.swift */; };
		B21A6AA729504A53006F283B /* Main.storyboard in Resources */ = {isa = PBXBuildFile; fileRef = B21A6AA529504A53006F283B /* Main.storyboard */; };
		B21A6AA929504A54006F283B /* Assets.xcassets in Resources */ = {isa = PBXBuildFile; fileRef = B21A6AA829504A54006F283B /* Assets.xcassets */; };
		B21A6AAC29504A54006F283B /* LaunchScreen.storyboard in Resources */ = {isa = PBXBuildFile; fileRef = B21A6AAA29504A54006F283B /* LaunchScreen.storyboard */; };
		B21A6AB829504C44006F283B /* LocationManager.swift in Sources */ = {isa = PBXBuildFile; fileRef = B21A6AB729504C44006F283B /* LocationManager.swift */; };
		B21A6ABA29504C5C006F283B /* DriverAnnotation.swift in Sources */ = {isa = PBXBuildFile; fileRef = B21A6AB929504C5C006F283B /* DriverAnnotation.swift */; };
		B21A6ABC29504C73006F283B /* Constants.swift in Sources */ = {isa = PBXBuildFile; fileRef = B21A6ABB29504C73006F283B /* Constants.swift */; };
		B21A6ABE29504CBC006F283B /* HomeViewModel.swift in Sources */ = {isa = PBXBuildFile; fileRef = B21A6ABD29504CBC006F283B /* HomeViewModel.swift */; };
		B21A6AC029504D10006F283B /* Bus.swift in Sources */ = {isa = PBXBuildFile; fileRef = B21A6ABF29504D10006F283B /* Bus.swift */; };
/* End PBXBuildFile section */

/* Begin PBXFileReference section */
		B21A6A9C29504A53006F283B /* Live Busses Feed.app */ = {isa = PBXFileReference; explicitFileType = wrapper.application; includeInIndex = 0; path = "Live Busses Feed.app"; sourceTree = BUILT_PRODUCTS_DIR; };
		B21A6A9F29504A53006F283B /* AppDelegate.swift */ = {isa = PBXFileReference; lastKnownFileType = sourcecode.swift; path = AppDelegate.swift; sourceTree = "<group>"; };
		B21A6AA129504A53006F283B /* SceneDelegate.swift */ = {isa = PBXFileReference; lastKnownFileType = sourcecode.swift; path = SceneDelegate.swift; sourceTree = "<group>"; };
		B21A6AA329504A53006F283B /* HomeViewController.swift */ = {isa = PBXFileReference; lastKnownFileType = sourcecode.swift; path = HomeViewController.swift; sourceTree = "<group>"; };
		B21A6AA629504A53006F283B /* Base */ = {isa = PBXFileReference; lastKnownFileType = file.storyboard; name = Base; path = Base.lproj/Main.storyboard; sourceTree = "<group>"; };
		B21A6AA829504A54006F283B /* Assets.xcassets */ = {isa = PBXFileReference; lastKnownFileType = folder.assetcatalog; path = Assets.xcassets; sourceTree = "<group>"; };
		B21A6AAB29504A54006F283B /* Base */ = {isa = PBXFileReference; lastKnownFileType = file.storyboard; name = Base; path = Base.lproj/LaunchScreen.storyboard; sourceTree = "<group>"; };
		B21A6AAD29504A54006F283B /* Info.plist */ = {isa = PBXFileReference; lastKnownFileType = text.plist.xml; path = Info.plist; sourceTree = "<group>"; };
		B21A6AB729504C44006F283B /* LocationManager.swift */ = {isa = PBXFileReference; lastKnownFileType = sourcecode.swift; path = LocationManager.swift; sourceTree = "<group>"; };
		B21A6AB929504C5C006F283B /* DriverAnnotation.swift */ = {isa = PBXFileReference; lastKnownFileType = sourcecode.swift; path = DriverAnnotation.swift; sourceTree = "<group>"; };
		B21A6ABB29504C73006F283B /* Constants.swift */ = {isa = PBXFileReference; lastKnownFileType = sourcecode.swift; path = Constants.swift; sourceTree = "<group>"; };
		B21A6ABD29504CBC006F283B /* HomeViewModel.swift */ = {isa = PBXFileReference; lastKnownFileType = sourcecode.swift; path = HomeViewModel.swift; sourceTree = "<group>"; };
		B21A6ABF29504D10006F283B /* Bus.swift */ = {isa = PBXFileReference; lastKnownFileType = sourcecode.swift; path = Bus.swift; sourceTree = "<group>"; };
/* End PBXFileReference section */

/* Begin PBXFrameworksBuildPhase section */
		B21A6A9929504A53006F283B /* Frameworks */ = {
			isa = PBXFrameworksBuildPhase;
			buildActionMask = 2147483647;
			files = (
			);
			runOnlyForDeploymentPostprocessing = 0;
		};
/* End PBXFrameworksBuildPhase section */

/* Begin PBXGroup section */
		B21A6A9329504A53006F283B = {
			isa = PBXGroup;
			children = (
				B21A6A9E29504A53006F283B /* Live Busses Feed */,
				B21A6A9D29504A53006F283B /* Products */,
			);
			sourceTree = "<group>";
		};
		B21A6A9D29504A53006F283B /* Products */ = {
			isa = PBXGroup;
			children = (
				B21A6A9C29504A53006F283B /* Live Busses Feed.app */,
			);
			name = Products;
			sourceTree = "<group>";
		};
		B21A6A9E29504A53006F283B /* Live Busses Feed */ = {
			isa = PBXGroup;
			children = (
				B21A6AB629504BBF006F283B /* ViewControllers */,
				B21A6AB529504BB8006F283B /* Views */,
				B21A6AB429504BB1006F283B /* ViewModels */,
				B21A6AB329504BAC006F283B /* Models */,
				B21A6A9F29504A53006F283B /* AppDelegate.swift */,
				B21A6AA129504A53006F283B /* SceneDelegate.swift */,
				B21A6AA529504A53006F283B /* Main.storyboard */,
				B21A6AA829504A54006F283B /* Assets.xcassets */,
				B21A6AAA29504A54006F283B /* LaunchScreen.storyboard */,
				B21A6AAD29504A54006F283B /* Info.plist */,
			);
			path = "Live Busses Feed";
			sourceTree = "<group>";
		};
		B21A6AB329504BAC006F283B /* Models */ = {
			isa = PBXGroup;
			children = (
				B21A6AB729504C44006F283B /* LocationManager.swift */,
				B21A6AB929504C5C006F283B /* DriverAnnotation.swift */,
				B21A6ABB29504C73006F283B /* Constants.swift */,
				B21A6ABF29504D10006F283B /* Bus.swift */,
			);
			path = Models;
			sourceTree = "<group>";
		};
		B21A6AB429504BB1006F283B /* ViewModels */ = {
			isa = PBXGroup;
			children = (
				B21A6ABD29504CBC006F283B /* HomeViewModel.swift */,
			);
			path = ViewModels;
			sourceTree = "<group>";
		};
		B21A6AB529504BB8006F283B /* Views */ = {
			isa = PBXGroup;
			children = (
			);
			path = Views;
			sourceTree = "<group>";
		};
		B21A6AB629504BBF006F283B /* ViewControllers */ = {
			isa = PBXGroup;
			children = (
				B21A6AA329504A53006F283B /* HomeViewController.swift */,
			);
			path = ViewControllers;
			sourceTree = "<group>";
		};
/* End PBXGroup section */

/* Begin PBXNativeTarget section */
		B21A6A9B29504A53006F283B /* Live Busses Feed */ = {
			isa = PBXNativeTarget;
			buildConfigurationList = B21A6AB029504A54006F283B /* Build configuration list for PBXNativeTarget "Live Busses Feed" */;
			buildPhases = (
				B21A6A9829504A53006F283B /* Sources */,
				B21A6A9929504A53006F283B /* Frameworks */,
				B21A6A9A29504A53006F283B /* Resources */,
			);
			buildRules = (
			);
			dependencies = (
			);
			name = "Live Busses Feed";
			productName = "Live Busses Feed";
			productReference = B21A6A9C29504A53006F283B /* Live Busses Feed.app */;
			productType = "com.apple.product-type.application";
		};
/* End PBXNativeTarget section */

/* Begin PBXProject section */
		B21A6A9429504A53006F283B /* Project object */ = {
			isa = PBXProject;
			attributes = {
				BuildIndependentTargetsInParallel = 1;
				LastSwiftUpdateCheck = 1340;
				LastUpgradeCheck = 1340;
				TargetAttributes = {
					B21A6A9B29504A53006F283B = {
						CreatedOnToolsVersion = 13.4.1;
					};
				};
			};
			buildConfigurationList = B21A6A9729504A53006F283B /* Build configuration list for PBXProject "Live Busses Feed" */;
			compatibilityVersion = "Xcode 13.0";
			developmentRegion = en;
			hasScannedForEncodings = 0;
			knownRegions = (
				en,
				Base,
			);
			mainGroup = B21A6A9329504A53006F283B;
			productRefGroup = B21A6A9D29504A53006F283B /* Products */;
			projectDirPath = "";
			projectRoot = "";
			targets = (
				B21A6A9B29504A53006F283B /* Live Busses Feed */,
			);
		};
/* End PBXProject section */

/* Begin PBXResourcesBuildPhase section */
		B21A6A9A29504A53006F283B /* Resources */ = {
			isa = PBXResourcesBuildPhase;
			buildActionMask = 2147483647;
			files = (
				B21A6AAC29504A54006F283B /* LaunchScreen.storyboard in Resources */,
				B21A6AA929504A54006F283B /* Assets.xcassets in Resources */,
				B21A6AA729504A53006F283B /* Main.storyboard in Resources */,
			);
			runOnlyForDeploymentPostprocessing = 0;
		};
/* End PBXResourcesBuildPhase section */

/* Begin PBXSourcesBuildPhase section */
		B21A6A9829504A53006F283B /* Sources */ = {
			isa = PBXSourcesBuildPhase;
			buildActionMask = 2147483647;
			files = (
				B21A6AB829504C44006F283B /* LocationManager.swift in Sources */,
				B21A6AA429504A53006F283B /* HomeViewController.swift in Sources */,
				B21A6ABE29504CBC006F283B /* HomeViewModel.swift in Sources */,
				B21A6ABC29504C73006F283B /* Constants.swift in Sources */,
				B21A6AA029504A53006F283B /* AppDelegate.swift in Sources */,
				B21A6AA229504A53006F283B /* SceneDelegate.swift in Sources */,
				B21A6AC029504D10006F283B /* Bus.swift in Sources */,
				B21A6ABA29504C5C006F283B /* DriverAnnotation.swift in Sources */,
			);
			runOnlyForDeploymentPostprocessing = 0;
		};
/* End PBXSourcesBuildPhase section */

/* Begin PBXVariantGroup section */
		B21A6AA529504A53006F283B /* Main.storyboard */ = {
			isa = PBXVariantGroup;
			children = (
				B21A6AA629504A53006F283B /* Base */,
			);
			name = Main.storyboard;
			sourceTree = "<group>";
		};
		B21A6AAA29504A54006F283B /* LaunchScreen.storyboard */ = {
			isa = PBXVariantGroup;
			children = (
				B21A6AAB29504A54006F283B /* Base */,
			);
			name = LaunchScreen.storyboard;
			sourceTree = "<group>";
		};
/* End PBXVariantGroup section */

/* Begin XCBuildConfiguration section */
		B21A6AAE29504A54006F283B /* Debug */ = {
			isa = XCBuildConfiguration;
			buildSettings = {
				ALWAYS_SEARCH_USER_PATHS = NO;
				CLANG_ANALYZER_NONNULL = YES;
				CLANG_ANALYZER_NUMBER_OBJECT_CONVERSION = YES_AGGRESSIVE;
				CLANG_CXX_LANGUAGE_STANDARD = "gnu++17";
				CLANG_ENABLE_MODULES = YES;
				CLANG_ENABLE_OBJC_ARC = YES;
				CLANG_ENABLE_OBJC_WEAK = YES;
				CLANG_WARN_BLOCK_CAPTURE_AUTORELEASING = YES;
				CLANG_WARN_BOOL_CONVERSION = YES;
				CLANG_WARN_COMMA = YES;
				CLANG_WARN_CONSTANT_CONVERSION = YES;
				CLANG_WARN_DEPRECATED_OBJC_IMPLEMENTATIONS = YES;
				CLANG_WARN_DIRECT_OBJC_ISA_USAGE = YES_ERROR;
				CLANG_WARN_DOCUMENTATION_COMMENTS = YES;
				CLANG_WARN_EMPTY_BODY = YES;
				CLANG_WARN_ENUM_CONVERSION = YES;
				CLANG_WARN_INFINITE_RECURSION = YES;
				CLANG_WARN_INT_CONVERSION = YES;
				CLANG_WARN_NON_LITERAL_NULL_CONVERSION = YES;
				CLANG_WARN_OBJC_IMPLICIT_RETAIN_SELF = YES;
				CLANG_WARN_OBJC_LITERAL_CONVERSION = YES;
				CLANG_WARN_OBJC_ROOT_CLASS = YES_ERROR;
				CLANG_WARN_QUOTED_INCLUDE_IN_FRAMEWORK_HEADER = YES;
				CLANG_WARN_RANGE_LOOP_ANALYSIS = YES;
				CLANG_WARN_STRICT_PROTOTYPES = YES;
				CLANG_WARN_SUSPICIOUS_MOVE = YES;
				CLANG_WARN_UNGUARDED_AVAILABILITY = YES_AGGRESSIVE;
				CLANG_WARN_UNREACHABLE_CODE = YES;
				CLANG_WARN__DUPLICATE_METHOD_MATCH = YES;
				COPY_PHASE_STRIP = NO;
				DEBUG_INFORMATION_FORMAT = dwarf;
				ENABLE_STRICT_OBJC_MSGSEND = YES;
				ENABLE_TESTABILITY = YES;
				GCC_C_LANGUAGE_STANDARD = gnu11;
				GCC_DYNAMIC_NO_PIC = NO;
				GCC_NO_COMMON_BLOCKS = YES;
				GCC_OPTIMIZATION_LEVEL = 0;
				GCC_PREPROCESSOR_DEFINITIONS = (
					"DEBUG=1",
					"$(inherited)",
				);
				GCC_WARN_64_TO_32_BIT_CONVERSION = YES;
				GCC_WARN_ABOUT_RETURN_TYPE = YES_ERROR;
				GCC_WARN_UNDECLARED_SELECTOR = YES;
				GCC_WARN_UNINITIALIZED_AUTOS = YES_AGGRESSIVE;
				GCC_WARN_UNUSED_FUNCTION = YES;
				GCC_WARN_UNUSED_VARIABLE = YES;
				IPHONEOS_DEPLOYMENT_TARGET = 15.5;
				MTL_ENABLE_DEBUG_INFO = INCLUDE_SOURCE;
				MTL_FAST_MATH = YES;
				ONLY_ACTIVE_ARCH = YES;
				SDKROOT = iphoneos;
				SWIFT_ACTIVE_COMPILATION_CONDITIONS = DEBUG;
				SWIFT_OPTIMIZATION_LEVEL = "-Onone";
			};
			name = Debug;
		};
		B21A6AAF29504A54006F283B /* Release */ = {
			isa = XCBuildConfiguration;
			buildSettings = {
				ALWAYS_SEARCH_USER_PATHS = NO;
				CLANG_ANALYZER_NONNULL = YES;
				CLANG_ANALYZER_NUMBER_OBJECT_CONVERSION = YES_AGGRESSIVE;
				CLANG_CXX_LANGUAGE_STANDARD = "gnu++17";
				CLANG_ENABLE_MODULES = YES;
				CLANG_ENABLE_OBJC_ARC = YES;
				CLANG_ENABLE_OBJC_WEAK = YES;
				CLANG_WARN_BLOCK_CAPTURE_AUTORELEASING = YES;
				CLANG_WARN_BOOL_CONVERSION = YES;
				CLANG_WARN_COMMA = YES;
				CLANG_WARN_CONSTANT_CONVERSION = YES;
				CLANG_WARN_DEPRECATED_OBJC_IMPLEMENTATIONS = YES;
				CLANG_WARN_DIRECT_OBJC_ISA_USAGE = YES_ERROR;
				CLANG_WARN_DOCUMENTATION_COMMENTS = YES;
				CLANG_WARN_EMPTY_BODY = YES;
				CLANG_WARN_ENUM_CONVERSION = YES;
				CLANG_WARN_INFINITE_RECURSION = YES;
				CLANG_WARN_INT_CONVERSION = YES;
				CLANG_WARN_NON_LITERAL_NULL_CONVERSION = YES;
				CLANG_WARN_OBJC_IMPLICIT_RETAIN_SELF = YES;
				CLANG_WARN_OBJC_LITERAL_CONVERSION = YES;
				CLANG_WARN_OBJC_ROOT_CLASS = YES_ERROR;
				CLANG_WARN_QUOTED_INCLUDE_IN_FRAMEWORK_HEADER = YES;
				CLANG_WARN_RANGE_LOOP_ANALYSIS = YES;
				CLANG_WARN_STRICT_PROTOTYPES = YES;
				CLANG_WARN_SUSPICIOUS_MOVE = YES;
				CLANG_WARN_UNGUARDED_AVAILABILITY = YES_AGGRESSIVE;
				CLANG_WARN_UNREACHABLE_CODE = YES;
				CLANG_WARN__DUPLICATE_METHOD_MATCH = YES;
				COPY_PHASE_STRIP = NO;
				DEBUG_INFORMATION_FORMAT = "dwarf-with-dsym";
				ENABLE_NS_ASSERTIONS = NO;
				ENABLE_STRICT_OBJC_MSGSEND = YES;
				GCC_C_LANGUAGE_STANDARD = gnu11;
				GCC_NO_COMMON_BLOCKS = YES;
				GCC_WARN_64_TO_32_BIT_CONVERSION = YES;
				GCC_WARN_ABOUT_RETURN_TYPE = YES_ERROR;
				GCC_WARN_UNDECLARED_SELECTOR = YES;
				GCC_WARN_UNINITIALIZED_AUTOS = YES_AGGRESSIVE;
				GCC_WARN_UNUSED_FUNCTION = YES;
				GCC_WARN_UNUSED_VARIABLE = YES;
				IPHONEOS_DEPLOYMENT_TARGET = 15.5;
				MTL_ENABLE_DEBUG_INFO = NO;
				MTL_FAST_MATH = YES;
				SDKROOT = iphoneos;
				SWIFT_COMPILATION_MODE = wholemodule;
				SWIFT_OPTIMIZATION_LEVEL = "-O";
				VALIDATE_PRODUCT = YES;
			};
			name = Release;
		};
		B21A6AB129504A54006F283B /* Debug */ = {
			isa = XCBuildConfiguration;
			buildSettings = {
				ASSETCATALOG_COMPILER_APPICON_NAME = AppIcon;
				ASSETCATALOG_COMPILER_GLOBAL_ACCENT_COLOR_NAME = AccentColor;
				CODE_SIGN_STYLE = Automatic;
				CURRENT_PROJECT_VERSION = 1;
				DEVELOPMENT_TEAM = YLHT46ZLDT;
				GENERATE_INFOPLIST_FILE = YES;
				INFOPLIST_FILE = "Live Busses Feed/Info.plist";
				INFOPLIST_KEY_UIApplicationSupportsIndirectInputEvents = YES;
				INFOPLIST_KEY_UILaunchStoryboardName = LaunchScreen;
				INFOPLIST_KEY_UISupportedInterfaceOrientations_iPad = "UIInterfaceOrientationPortrait UIInterfaceOrientationPortraitUpsideDown UIInterfaceOrientationLandscapeLeft UIInterfaceOrientationLandscapeRight";
				INFOPLIST_KEY_UISupportedInterfaceOrientations_iPhone = "UIInterfaceOrientationPortrait UIInterfaceOrientationLandscapeLeft UIInterfaceOrientationLandscapeRight";
				LD_RUNPATH_SEARCH_PATHS = (
					"$(inherited)",
					"@executable_path/Frameworks",
				);
				MARKETING_VERSION = 1.0;
				PRODUCT_BUNDLE_IDENTIFIER = "com.sahilsahucode.Live-Busses-Feed";
				PRODUCT_NAME = "$(TARGET_NAME)";
				SWIFT_EMIT_LOC_STRINGS = YES;
				SWIFT_VERSION = 5.0;
				TARGETED_DEVICE_FAMILY = "1,2";
			};
			name = Debug;
		};
		B21A6AB229504A54006F283B /* Release */ = {
			isa = XCBuildConfiguration;
			buildSettings = {
				ASSETCATALOG_COMPILER_APPICON_NAME = AppIcon;
				ASSETCATALOG_COMPILER_GLOBAL_ACCENT_COLOR_NAME = AccentColor;
				CODE_SIGN_STYLE = Automatic;
				CURRENT_PROJECT_VERSION = 1;
				DEVELOPMENT_TEAM = YLHT46ZLDT;
				GENERATE_INFOPLIST_FILE = YES;
				INFOPLIST_FILE = "Live Busses Feed/Info.plist";
				INFOPLIST_KEY_UIApplicationSupportsIndirectInputEvents = YES;
				INFOPLIST_KEY_UILaunchStoryboardName = LaunchScreen;
				INFOPLIST_KEY_UISupportedInterfaceOrientations_iPad = "UIInterfaceOrientationPortrait UIInterfaceOrientationPortraitUpsideDown UIInterfaceOrientationLandscapeLeft UIInterfaceOrientationLandscapeRight";
				INFOPLIST_KEY_UISupportedInterfaceOrientations_iPhone = "UIInterfaceOrientationPortrait UIInterfaceOrientationLandscapeLeft UIInterfaceOrientationLandscapeRight";
				LD_RUNPATH_SEARCH_PATHS = (
					"$(inherited)",
					"@executable_path/Frameworks",
				);
				MARKETING_VERSION = 1.0;
				PRODUCT_BUNDLE_IDENTIFIER = "com.sahilsahucode.Live-Busses-Feed";
				PRODUCT_NAME = "$(TARGET_NAME)";
				SWIFT_EMIT_LOC_STRINGS = YES;
				SWIFT_VERSION = 5.0;
				TARGETED_DEVICE_FAMILY = "1,2";
			};
			name = Release;
		};
/* End XCBuildConfiguration section */

/* Begin XCConfigurationList section */
		B21A6A9729504A53006F283B /* Build configuration list for PBXProject "Live Busses Feed" */ = {
			isa = XCConfigurationList;
			buildConfigurations = (
				B21A6AAE29504A54006F283B /* Debug */,
				B21A6AAF29504A54006F283B /* Release */,
			);
			defaultConfigurationIsVisible = 0;
			defaultConfigurationName = Release;
		};
		B21A6AB029504A54006F283B /* Build configuration list for PBXNativeTarget "Live Busses Feed" */ = {
			isa = XCConfigurationList;
			buildConfigurations = (
				B21A6AB129504A54006F283B /* Debug */,
				B21A6AB229504A54006F283B /* Release */,
			);
			defaultConfigurationIsVisible = 0;
			defaultConfigurationName = Release;
		};
/* End XCConfigurationList section */
	};
	rootObject = B21A6A9429504A53006F283B /* Project object */;
}
